// !$*UTF8*$!
{
	archiveVersion = 1;
	classes = {
	};
	objectVersion = 77;
	objects = {

/* Begin PBXBuildFile section */
		14EDFF4D2D7057120080B212 /* .gitignore in Resources */ = {isa = PBXBuildFile; fileRef = 14EDFF4C2D7057090080B212 /* .gitignore */; };
/* End PBXBuildFile section */

/* Begin PBXContainerItemProxy section */
		14EDFEE32D7036830080B212 /* PBXContainerItemProxy */ = {
			isa = PBXContainerItemProxy;
			containerPortal = 14EDFEC92D7036820080B212 /* Project object */;
			proxyType = 1;
			remoteGlobalIDString = 14EDFED02D7036820080B212;
			remoteInfo = Reflow;
		};
		14EDFEED2D7036830080B212 /* PBXContainerItemProxy */ = {
			isa = PBXContainerItemProxy;
			containerPortal = 14EDFEC92D7036820080B212 /* Project object */;
			proxyType = 1;
			remoteGlobalIDString = 14EDFED02D7036820080B212;
			remoteInfo = Reflow;
		};
/* End PBXContainerItemProxy section */

/* Begin PBXFileReference section */
		14EDFED12D7036820080B212 /* Reflow.app */ = {isa = PBXFileReference; explicitFileType = wrapper.application; includeInIndex = 0; path = Reflow.app; sourceTree = BUILT_PRODUCTS_DIR; };
		14EDFEE22D7036830080B212 /* ReflowTests.xctest */ = {isa = PBXFileReference; explicitFileType = wrapper.cfbundle; includeInIndex = 0; path = ReflowTests.xctest; sourceTree = BUILT_PRODUCTS_DIR; };
		14EDFEEC2D7036830080B212 /* ReflowUITests.xctest */ = {isa = PBXFileReference; explicitFileType = wrapper.cfbundle; includeInIndex = 0; path = ReflowUITests.xctest; sourceTree = BUILT_PRODUCTS_DIR; };
		14EDFF4C2D7057090080B212 /* .gitignore */ = {isa = PBXFileReference; lastKnownFileType = text; path = .gitignore; sourceTree = "<group>"; };
/* End PBXFileReference section */

/* Begin PBXFileSystemSynchronizedRootGroup section */
		14EDFED32D7036820080B212 /* Reflow */ = {
			isa = PBXFileSystemSynchronizedRootGroup;
			path = Reflow;
			sourceTree = "<group>";
		};
		14EDFEE52D7036830080B212 /* ReflowTests */ = {
			isa = PBXFileSystemSynchronizedRootGroup;
			path = ReflowTests;
			sourceTree = "<group>";
		};
		14EDFEEF2D7036830080B212 /* ReflowUITests */ = {
			isa = PBXFileSystemSynchronizedRootGroup;
			path = ReflowUITests;
			sourceTree = "<group>";
		};
/* End PBXFileSystemSynchronizedRootGroup section */

/* Begin PBXFrameworksBuildPhase section */
		14EDFECE2D7036820080B212 /* Frameworks */ = {
			isa = PBXFrameworksBuildPhase;
			buildActionMask = 2147483647;
			files = (
			);
			runOnlyForDeploymentPostprocessing = 0;
		};
		14EDFEDF2D7036830080B212 /* Frameworks */ = {
			isa = PBXFrameworksBuildPhase;
			buildActionMask = 2147483647;
			files = (
			);
			runOnlyForDeploymentPostprocessing = 0;
		};
		14EDFEE92D7036830080B212 /* Frameworks */ = {
			isa = PBXFrameworksBuildPhase;
			buildActionMask = 2147483647;
			files = (
			);
			runOnlyForDeploymentPostprocessing = 0;
		};
/* End PBXFrameworksBuildPhase section */

/* Begin PBXGroup section */
		14EDFEC82D7036820080B212 = {
			isa = PBXGroup;
			children = (
				14EDFF4C2D7057090080B212 /* .gitignore */,
				14EDFED32D7036820080B212 /* Reflow */,
				14EDFEE52D7036830080B212 /* ReflowTests */,
				14EDFEEF2D7036830080B212 /* ReflowUITests */,
				14EDFED22D7036820080B212 /* Products */,
			);
			sourceTree = "<group>";
		};
		14EDFED22D7036820080B212 /* Products */ = {
			isa = PBXGroup;
			children = (
				14EDFED12D7036820080B212 /* Reflow.app */,
				14EDFEE22D7036830080B212 /* ReflowTests.xctest */,
				14EDFEEC2D7036830080B212 /* ReflowUITests.xctest */,
			);
			name = Products;
			sourceTree = "<group>";
		};
/* End PBXGroup section */

/* Begin PBXNativeTarget section */
		14EDFED02D7036820080B212 /* Reflow */ = {
			isa = PBXNativeTarget;
			buildConfigurationList = 14EDFEF62D7036830080B212 /* Build configuration list for PBXNativeTarget "Reflow" */;
			buildPhases = (
				14EDFECD2D7036820080B212 /* Sources */,
				14EDFECE2D7036820080B212 /* Frameworks */,
				14EDFECF2D7036820080B212 /* Resources */,
			);
			buildRules = (
			);
			dependencies = (
			);
			fileSystemSynchronizedGroups = (
				14EDFED32D7036820080B212 /* Reflow */,
			);
			name = Reflow;
			packageProductDependencies = (
			);
			productName = Reflow;
			productReference = 14EDFED12D7036820080B212 /* Reflow.app */;
			productType = "com.apple.product-type.application";
		};
		14EDFEE12D7036830080B212 /* ReflowTests */ = {
			isa = PBXNativeTarget;
			buildConfigurationList = 14EDFEF92D7036830080B212 /* Build configuration list for PBXNativeTarget "ReflowTests" */;
			buildPhases = (
				14EDFEDE2D7036830080B212 /* Sources */,
				14EDFEDF2D7036830080B212 /* Frameworks */,
				14EDFEE02D7036830080B212 /* Resources */,
			);
			buildRules = (
			);
			dependencies = (
				14EDFEE42D7036830080B212 /* PBXTargetDependency */,
			);
			fileSystemSynchronizedGroups = (
				14EDFEE52D7036830080B212 /* ReflowTests */,
			);
			name = ReflowTests;
			packageProductDependencies = (
			);
			productName = ReflowTests;
			productReference = 14EDFEE22D7036830080B212 /* ReflowTests.xctest */;
			productType = "com.apple.product-type.bundle.unit-test";
		};
		14EDFEEB2D7036830080B212 /* ReflowUITests */ = {
			isa = PBXNativeTarget;
			buildConfigurationList = 14EDFEFC2D7036830080B212 /* Build configuration list for PBXNativeTarget "ReflowUITests" */;
			buildPhases = (
				14EDFEE82D7036830080B212 /* Sources */,
				14EDFEE92D7036830080B212 /* Frameworks */,
				14EDFEEA2D7036830080B212 /* Resources */,
			);
			buildRules = (
			);
			dependencies = (
				14EDFEEE2D7036830080B212 /* PBXTargetDependency */,
			);
			fileSystemSynchronizedGroups = (
				14EDFEEF2D7036830080B212 /* ReflowUITests */,
			);
			name = ReflowUITests;
			packageProductDependencies = (
			);
			productName = ReflowUITests;
			productReference = 14EDFEEC2D7036830080B212 /* ReflowUITests.xctest */;
			productType = "com.apple.product-type.bundle.ui-testing";
		};
/* End PBXNativeTarget section */

/* Begin PBXProject section */
		14EDFEC92D7036820080B212 /* Project object */ = {
			isa = PBXProject;
			attributes = {
				BuildIndependentTargetsInParallel = 1;
				LastSwiftUpdateCheck = 1600;
				LastUpgradeCheck = 1600;
				TargetAttributes = {
					14EDFED02D7036820080B212 = {
						CreatedOnToolsVersion = 16.0;
					};
					14EDFEE12D7036830080B212 = {
						CreatedOnToolsVersion = 16.0;
						TestTargetID = 14EDFED02D7036820080B212;
					};
					14EDFEEB2D7036830080B212 = {
						CreatedOnToolsVersion = 16.0;
						TestTargetID = 14EDFED02D7036820080B212;
					};
				};
			};
			buildConfigurationList = 14EDFECC2D7036820080B212 /* Build configuration list for PBXProject "Reflow" */;
			developmentRegion = en;
			hasScannedForEncodings = 0;
			knownRegions = (
				en,
				Base,
			);
			mainGroup = 14EDFEC82D7036820080B212;
			minimizedProjectReferenceProxies = 1;
			preferredProjectObjectVersion = 77;
			productRefGroup = 14EDFED22D7036820080B212 /* Products */;
			projectDirPath = "";
			projectRoot = "";
			targets = (
				14EDFED02D7036820080B212 /* Reflow */,
				14EDFEE12D7036830080B212 /* ReflowTests */,
				14EDFEEB2D7036830080B212 /* ReflowUITests */,
			);
		};
/* End PBXProject section */

/* Begin PBXResourcesBuildPhase section */
		14EDFECF2D7036820080B212 /* Resources */ = {
			isa = PBXResourcesBuildPhase;
			buildActionMask = 2147483647;
			files = (
				14EDFF4D2D7057120080B212 /* .gitignore in Resources */,
			);
			runOnlyForDeploymentPostprocessing = 0;
		};
		14EDFEE02D7036830080B212 /* Resources */ = {
			isa = PBXResourcesBuildPhase;
			buildActionMask = 2147483647;
			files = (
			);
			runOnlyForDeploymentPostprocessing = 0;
		};
		14EDFEEA2D7036830080B212 /* Resources */ = {
			isa = PBXResourcesBuildPhase;
			buildActionMask = 2147483647;
			files = (
			);
			runOnlyForDeploymentPostprocessing = 0;
		};
/* End PBXResourcesBuildPhase section */

/* Begin PBXSourcesBuildPhase section */
		14EDFECD2D7036820080B212 /* Sources */ = {
			isa = PBXSourcesBuildPhase;
			buildActionMask = 2147483647;
			files = (
			);
			runOnlyForDeploymentPostprocessing = 0;
		};
		14EDFEDE2D7036830080B212 /* Sources */ = {
			isa = PBXSourcesBuildPhase;
			buildActionMask = 2147483647;
			files = (
			);
			runOnlyForDeploymentPostprocessing = 0;
		};
		14EDFEE82D7036830080B212 /* Sources */ = {
			isa = PBXSourcesBuildPhase;
			buildActionMask = 2147483647;
			files = (
			);
			runOnlyForDeploymentPostprocessing = 0;
		};
/* End PBXSourcesBuildPhase section */

/* Begin PBXTargetDependency section */
		14EDFEE42D7036830080B212 /* PBXTargetDependency */ = {
			isa = PBXTargetDependency;
			target = 14EDFED02D7036820080B212 /* Reflow */;
			targetProxy = 14EDFEE32D7036830080B212 /* PBXContainerItemProxy */;
		};
		14EDFEEE2D7036830080B212 /* PBXTargetDependency */ = {
			isa = PBXTargetDependency;
			target = 14EDFED02D7036820080B212 /* Reflow */;
			targetProxy = 14EDFEED2D7036830080B212 /* PBXContainerItemProxy */;
		};
/* End PBXTargetDependency section */

/* Begin XCBuildConfiguration section */
		14EDFEF42D7036830080B212 /* Debug */ = {
			isa = XCBuildConfiguration;
			buildSettings = {
				ALWAYS_SEARCH_USER_PATHS = NO;
				ASSETCATALOG_COMPILER_GENERATE_SWIFT_ASSET_SYMBOL_EXTENSIONS = YES;
				CLANG_ANALYZER_NONNULL = YES;
				CLANG_ANALYZER_NUMBER_OBJECT_CONVERSION = YES_AGGRESSIVE;
				CLANG_CXX_LANGUAGE_STANDARD = "gnu++20";
				CLANG_ENABLE_MODULES = YES;
				CLANG_ENABLE_OBJC_ARC = YES;
				CLANG_ENABLE_OBJC_WEAK = YES;
				CLANG_WARN_BLOCK_CAPTURE_AUTORELEASING = YES;
				CLANG_WARN_BOOL_CONVERSION = YES;
				CLANG_WARN_COMMA = YES;
				CLANG_WARN_CONSTANT_CONVERSION = YES;
				CLANG_WARN_DEPRECATED_OBJC_IMPLEMENTATIONS = YES;
				CLANG_WARN_DIRECT_OBJC_ISA_USAGE = YES_ERROR;
				CLANG_WARN_DOCUMENTATION_COMMENTS = YES;
				CLANG_WARN_EMPTY_BODY = YES;
				CLANG_WARN_ENUM_CONVERSION = YES;
				CLANG_WARN_INFINITE_RECURSION = YES;
				CLANG_WARN_INT_CONVERSION = YES;
				CLANG_WARN_NON_LITERAL_NULL_CONVERSION = YES;
				CLANG_WARN_OBJC_IMPLICIT_RETAIN_SELF = YES;
				CLANG_WARN_OBJC_LITERAL_CONVERSION = YES;
				CLANG_WARN_OBJC_ROOT_CLASS = YES_ERROR;
				CLANG_WARN_QUOTED_INCLUDE_IN_FRAMEWORK_HEADER = YES;
				CLANG_WARN_RANGE_LOOP_ANALYSIS = YES;
				CLANG_WARN_STRICT_PROTOTYPES = YES;
				CLANG_WARN_SUSPICIOUS_MOVE = YES;
				CLANG_WARN_UNGUARDED_AVAILABILITY = YES_AGGRESSIVE;
				CLANG_WARN_UNREACHABLE_CODE = YES;
				CLANG_WARN__DUPLICATE_METHOD_MATCH = YES;
				COPY_PHASE_STRIP = NO;
				DEBUG_INFORMATION_FORMAT = dwarf;
				ENABLE_STRICT_OBJC_MSGSEND = YES;
				ENABLE_TESTABILITY = YES;
				ENABLE_USER_SCRIPT_SANDBOXING = YES;
				GCC_C_LANGUAGE_STANDARD = gnu17;
				GCC_DYNAMIC_NO_PIC = NO;
				GCC_NO_COMMON_BLOCKS = YES;
				GCC_OPTIMIZATION_LEVEL = 0;
				GCC_PREPROCESSOR_DEFINITIONS = (
					"DEBUG=1",
					"$(inherited)",
				);
				GCC_WARN_64_TO_32_BIT_CONVERSION = YES;
				GCC_WARN_ABOUT_RETURN_TYPE = YES_ERROR;
				GCC_WARN_UNDECLARED_SELECTOR = YES;
				GCC_WARN_UNINITIALIZED_AUTOS = YES_AGGRESSIVE;
				GCC_WARN_UNUSED_FUNCTION = YES;
				GCC_WARN_UNUSED_VARIABLE = YES;
				LOCALIZATION_PREFERS_STRING_CATALOGS = YES;
				MACOSX_DEPLOYMENT_TARGET = 15.0;
				MTL_ENABLE_DEBUG_INFO = INCLUDE_SOURCE;
				MTL_FAST_MATH = YES;
				ONLY_ACTIVE_ARCH = YES;
				SDKROOT = macosx;
				SWIFT_ACTIVE_COMPILATION_CONDITIONS = "DEBUG $(inherited)";
				SWIFT_OPTIMIZATION_LEVEL = "-Onone";
			};
			name = Debug;
		};
		14EDFEF52D7036830080B212 /* Release */ = {
			isa = XCBuildConfiguration;
			buildSettings = {
				ALWAYS_SEARCH_USER_PATHS = NO;
				ASSETCATALOG_COMPILER_GENERATE_SWIFT_ASSET_SYMBOL_EXTENSIONS = YES;
				CLANG_ANALYZER_NONNULL = YES;
				CLANG_ANALYZER_NUMBER_OBJECT_CONVERSION = YES_AGGRESSIVE;
				CLANG_CXX_LANGUAGE_STANDARD = "gnu++20";
				CLANG_ENABLE_MODULES = YES;
				CLANG_ENABLE_OBJC_ARC = YES;
				CLANG_ENABLE_OBJC_WEAK = YES;
				CLANG_WARN_BLOCK_CAPTURE_AUTORELEASING = YES;
				CLANG_WARN_BOOL_CONVERSION = YES;
				CLANG_WARN_COMMA = YES;
				CLANG_WARN_CONSTANT_CONVERSION = YES;
				CLANG_WARN_DEPRECATED_OBJC_IMPLEMENTATIONS = YES;
				CLANG_WARN_DIRECT_OBJC_ISA_USAGE = YES_ERROR;
				CLANG_WARN_DOCUMENTATION_COMMENTS = YES;
				CLANG_WARN_EMPTY_BODY = YES;
				CLANG_WARN_ENUM_CONVERSION = YES;
				CLANG_WARN_INFINITE_RECURSION = YES;
				CLANG_WARN_INT_CONVERSION = YES;
				CLANG_WARN_NON_LITERAL_NULL_CONVERSION = YES;
				CLANG_WARN_OBJC_IMPLICIT_RETAIN_SELF = YES;
				CLANG_WARN_OBJC_LITERAL_CONVERSION = YES;
				CLANG_WARN_OBJC_ROOT_CLASS = YES_ERROR;
				CLANG_WARN_QUOTED_INCLUDE_IN_FRAMEWORK_HEADER = YES;
				CLANG_WARN_RANGE_LOOP_ANALYSIS = YES;
				CLANG_WARN_STRICT_PROTOTYPES = YES;
				CLANG_WARN_SUSPICIOUS_MOVE = YES;
				CLANG_WARN_UNGUARDED_AVAILABILITY = YES_AGGRESSIVE;
				CLANG_WARN_UNREACHABLE_CODE = YES;
				CLANG_WARN__DUPLICATE_METHOD_MATCH = YES;
				COPY_PHASE_STRIP = NO;
				DEBUG_INFORMATION_FORMAT = "dwarf-with-dsym";
				ENABLE_NS_ASSERTIONS = NO;
				ENABLE_STRICT_OBJC_MSGSEND = YES;
				ENABLE_USER_SCRIPT_SANDBOXING = YES;
				GCC_C_LANGUAGE_STANDARD = gnu17;
				GCC_NO_COMMON_BLOCKS = YES;
				GCC_WARN_64_TO_32_BIT_CONVERSION = YES;
				GCC_WARN_ABOUT_RETURN_TYPE = YES_ERROR;
				GCC_WARN_UNDECLARED_SELECTOR = YES;
				GCC_WARN_UNINITIALIZED_AUTOS = YES_AGGRESSIVE;
				GCC_WARN_UNUSED_FUNCTION = YES;
				GCC_WARN_UNUSED_VARIABLE = YES;
				LOCALIZATION_PREFERS_STRING_CATALOGS = YES;
				MACOSX_DEPLOYMENT_TARGET = 15.0;
				MTL_ENABLE_DEBUG_INFO = NO;
				MTL_FAST_MATH = YES;
				SDKROOT = macosx;
				SWIFT_COMPILATION_MODE = wholemodule;
			};
			name = Release;
		};
		14EDFEF72D7036830080B212 /* Debug */ = {
			isa = XCBuildConfiguration;
			buildSettings = {
				ASSETCATALOG_COMPILER_APPICON_NAME = AppIcon;
				ASSETCATALOG_COMPILER_GLOBAL_ACCENT_COLOR_NAME = AccentColor;
				CODE_SIGN_ENTITLEMENTS = Reflow/Reflow.entitlements;
				CODE_SIGN_STYLE = Automatic;
				COMBINE_HIDPI_IMAGES = YES;
				CURRENT_PROJECT_VERSION = 1;
				DEVELOPMENT_ASSET_PATHS = "\"Reflow/Preview Content\"";
				ENABLE_PREVIEWS = YES;
				GENERATE_INFOPLIST_FILE = YES;
				INFOPLIST_KEY_NSHumanReadableCopyright = "";
				LD_RUNPATH_SEARCH_PATHS = (
					"$(inherited)",
					"@executable_path/../Frameworks",
				);
				MARKETING_VERSION = 1.0;
				PRODUCT_BUNDLE_IDENTIFIER = sean.Reflow;
				PRODUCT_NAME = "$(TARGET_NAME)";
				SWIFT_EMIT_LOC_STRINGS = YES;
				SWIFT_VERSION = 5.0;
			};
			name = Debug;
		};
		14EDFEF82D7036830080B212 /* Release */ = {
			isa = XCBuildConfiguration;
			buildSettings = {
				ASSETCATALOG_COMPILER_APPICON_NAME = AppIcon;
				ASSETCATALOG_COMPILER_GLOBAL_ACCENT_COLOR_NAME = AccentColor;
				CODE_SIGN_ENTITLEMENTS = Reflow/Reflow.entitlements;
				CODE_SIGN_STYLE = Automatic;
				COMBINE_HIDPI_IMAGES = YES;
				CURRENT_PROJECT_VERSION = 1;
				DEVELOPMENT_ASSET_PATHS = "\"Reflow/Preview Content\"";
				ENABLE_PREVIEWS = YES;
				GENERATE_INFOPLIST_FILE = YES;
				INFOPLIST_KEY_NSHumanReadableCopyright = "";
				LD_RUNPATH_SEARCH_PATHS = (
					"$(inherited)",
					"@executable_path/../Frameworks",
				);
				MARKETING_VERSION = 1.0;
				PRODUCT_BUNDLE_IDENTIFIER = sean.Reflow;
				PRODUCT_NAME = "$(TARGET_NAME)";
				SWIFT_EMIT_LOC_STRINGS = YES;
				SWIFT_VERSION = 5.0;
			};
			name = Release;
		};
		14EDFEFA2D7036830080B212 /* Debug */ = {
			isa = XCBuildConfiguration;
			buildSettings = {
				BUNDLE_LOADER = "$(TEST_HOST)";
				CODE_SIGN_STYLE = Automatic;
				CURRENT_PROJECT_VERSION = 1;
				GENERATE_INFOPLIST_FILE = YES;
				MACOSX_DEPLOYMENT_TARGET = 15.0;
				MARKETING_VERSION = 1.0;
				PRODUCT_BUNDLE_IDENTIFIER = sean.ReflowTests;
				PRODUCT_NAME = "$(TARGET_NAME)";
				SWIFT_EMIT_LOC_STRINGS = NO;
				SWIFT_VERSION = 5.0;
				TEST_HOST = "$(BUILT_PRODUCTS_DIR)/Reflow.app/$(BUNDLE_EXECUTABLE_FOLDER_PATH)/Reflow";
			};
			name = Debug;
		};
		14EDFEFB2D7036830080B212 /* Release */ = {
			isa = XCBuildConfiguration;
			buildSettings = {
				BUNDLE_LOADER = "$(TEST_HOST)";
				CODE_SIGN_STYLE = Automatic;
				CURRENT_PROJECT_VERSION = 1;
				GENERATE_INFOPLIST_FILE = YES;
				MACOSX_DEPLOYMENT_TARGET = 15.0;
				MARKETING_VERSION = 1.0;
				PRODUCT_BUNDLE_IDENTIFIER = sean.ReflowTests;
				PRODUCT_NAME = "$(TARGET_NAME)";
				SWIFT_EMIT_LOC_STRINGS = NO;
				SWIFT_VERSION = 5.0;
				TEST_HOST = "$(BUILT_PRODUCTS_DIR)/Reflow.app/$(BUNDLE_EXECUTABLE_FOLDER_PATH)/Reflow";
			};
			name = Release;
		};
		14EDFEFD2D7036830080B212 /* Debug */ = {
			isa = XCBuildConfiguration;
			buildSettings = {
				CODE_SIGN_STYLE = Automatic;
				CURRENT_PROJECT_VERSION = 1;
				GENERATE_INFOPLIST_FILE = YES;
				MARKETING_VERSION = 1.0;
				PRODUCT_BUNDLE_IDENTIFIER = sean.ReflowUITests;
				PRODUCT_NAME = "$(TARGET_NAME)";
				SWIFT_EMIT_LOC_STRINGS = NO;
				SWIFT_VERSION = 5.0;
				TEST_TARGET_NAME = Reflow;
			};
			name = Debug;
		};
		14EDFEFE2D7036830080B212 /* Release */ = {
			isa = XCBuildConfiguration;
			buildSettings = {
				CODE_SIGN_STYLE = Automatic;
				CURRENT_PROJECT_VERSION = 1;
				GENERATE_INFOPLIST_FILE = YES;
				MARKETING_VERSION = 1.0;
				PRODUCT_BUNDLE_IDENTIFIER = sean.ReflowUITests;
				PRODUCT_NAME = "$(TARGET_NAME)";
				SWIFT_EMIT_LOC_STRINGS = NO;
				SWIFT_VERSION = 5.0;
				TEST_TARGET_NAME = Reflow;
			};
			name = Release;
		};
/* End XCBuildConfiguration section */

/* Begin XCConfigurationList section */
		14EDFECC2D7036820080B212 /* Build configuration list for PBXProject "Reflow" */ = {
			isa = XCConfigurationList;
			buildConfigurations = (
				14EDFEF42D7036830080B212 /* Debug */,
				14EDFEF52D7036830080B212 /* Release */,
			);
			defaultConfigurationIsVisible = 0;
			defaultConfigurationName = Release;
		};
		14EDFEF62D7036830080B212 /* Build configuration list for PBXNativeTarget "Reflow" */ = {
			isa = XCConfigurationList;
			buildConfigurations = (
				14EDFEF72D7036830080B212 /* Debug */,
				14EDFEF82D7036830080B212 /* Release */,
			);
			defaultConfigurationIsVisible = 0;
			defaultConfigurationName = Release;
		};
		14EDFEF92D7036830080B212 /* Build configuration list for PBXNativeTarget "ReflowTests" */ = {
			isa = XCConfigurationList;
			buildConfigurations = (
				14EDFEFA2D7036830080B212 /* Debug */,
				14EDFEFB2D7036830080B212 /* Release */,
			);
			defaultConfigurationIsVisible = 0;
			defaultConfigurationName = Release;
		};
		14EDFEFC2D7036830080B212 /* Build configuration list for PBXNativeTarget "ReflowUITests" */ = {
			isa = XCConfigurationList;
			buildConfigurations = (
				14EDFEFD2D7036830080B212 /* Debug */,
				14EDFEFE2D7036830080B212 /* Release */,
			);
			defaultConfigurationIsVisible = 0;
			defaultConfigurationName = Release;
		};
/* End XCConfigurationList section */
	};
	rootObject = 14EDFEC92D7036820080B212 /* Project object */;
}
